
Microsoft Visual Studio Solution File, Format Version 12.00
# Visual Studio 2013
VisualStudioVersion = 12.0.21005.1
MinimumVisualStudioVersion = 10.0.40219.1
Project("{FAE04EC0-301F-11D3-BF4B-00C04F79EFBC}") = "done.Test", "done.Test\done.Test.csproj", "{949AAC0E-3925-41C4-BEF6-8DBCC8AD40C9}"
EndProject
Project("{FAE04EC0-301F-11D3-BF4B-00C04F79EFBC}") = "done.Shared", "done.Shared\done.Shared.csproj", "{658FE0C2-AEFA-41A1-A771-839FDEEDF05E}"
EndProject
Project("{FAE04EC0-301F-11D3-BF4B-00C04F79EFBC}") = "done.Desktop", "done.Desktop\done.Desktop.csproj", "{460509AC-1B53-4CE2-8166-D62E2E86BA02}"
EndProject
Global
	GlobalSection(SolutionConfigurationPlatforms) = preSolution
		Debug|Any CPU = Debug|Any CPU
		Release|Any CPU = Release|Any CPU
	EndGlobalSection
	GlobalSection(ProjectConfigurationPlatforms) = postSolution
		{949AAC0E-3925-41C4-BEF6-8DBCC8AD40C9}.Debug|Any CPU.ActiveCfg = Debug|Any CPU
		{949AAC0E-3925-41C4-BEF6-8DBCC8AD40C9}.Debug|Any CPU.Build.0 = Debug|Any CPU
		{949AAC0E-3925-41C4-BEF6-8DBCC8AD40C9}.Release|Any CPU.ActiveCfg = Release|Any CPU
		{949AAC0E-3925-41C4-BEF6-8DBCC8AD40C9}.Release|Any CPU.Build.0 = Release|Any CPU
		{658FE0C2-AEFA-41A1-A771-839FDEEDF05E}.Debug|Any CPU.ActiveCfg = Debug|Any CPU
		{658FE0C2-AEFA-41A1-A771-839FDEEDF05E}.Debug|Any CPU.Build.0 = Debug|Any CPU
		{658FE0C2-AEFA-41A1-A771-839FDEEDF05E}.Release|Any CPU.ActiveCfg = Release|Any CPU
		{658FE0C2-AEFA-41A1-A771-839FDEEDF05E}.Release|Any CPU.Build.0 = Release|Any CPU
		{460509AC-1B53-4CE2-8166-D62E2E86BA02}.Debug|Any CPU.ActiveCfg = Debug|Any CPU
		{460509AC-1B53-4CE2-8166-D62E2E86BA02}.Debug|Any CPU.Build.0 = Debug|Any CPU
		{460509AC-1B53-4CE2-8166-D62E2E86BA02}.Release|Any CPU.ActiveCfg = Release|Any CPU
		{460509AC-1B53-4CE2-8166-D62E2E86BA02}.Release|Any CPU.Build.0 = Release|Any CPU
	EndGlobalSection
	GlobalSection(SolutionProperties) = preSolution
		HideSolutionNode = FALSE
	EndGlobalSection
EndGlobal
